
Microsoft Visual Studio Solution File, Format Version 12.00
# Visual Studio Version 16
VisualStudioVersion = 16.0.31019.35
MinimumVisualStudioVersion = 10.0.40219.1
Project("{9A19103F-16F7-4668-BE54-9A1E7A4F7556}") = "APIUsageTracker", "APIUsageTracker\APIUsageTracker.csproj", "{84B5AC8F-5D45-4618-8B10-207D04A7D4B6}"
EndProject
Project("{9A19103F-16F7-4668-BE54-9A1E7A4F7556}") = "APIUsage.Core", "APIUsage.Core\APIUsage.Core.csproj", "{143593FB-033D-490D-A4E3-E67D15129136}"
EndProject
Project("{FAE04EC0-301F-11D3-BF4B-00C04F79EFBC}") = "APIUsage.Service", "APIUsage.Service\APIUsage.Service.csproj", "{7E762976-142B-4923-8F28-A78065BCC905}"
EndProject
Project("{FAE04EC0-301F-11D3-BF4B-00C04F79EFBC}") = "APIUsage.Data", "APIUsage.Data\APIUsage.Data.csproj", "{DE3AFEC1-1AE9-4D5D-98AE-1641A168D7DF}"
EndProject
Global
	GlobalSection(SolutionConfigurationPlatforms) = preSolution
		Debug|Any CPU = Debug|Any CPU
		Release|Any CPU = Release|Any CPU
	EndGlobalSection
	GlobalSection(ProjectConfigurationPlatforms) = postSolution
		{84B5AC8F-5D45-4618-8B10-207D04A7D4B6}.Debug|Any CPU.ActiveCfg = Debug|Any CPU
		{84B5AC8F-5D45-4618-8B10-207D04A7D4B6}.Debug|Any CPU.Build.0 = Debug|Any CPU
		{84B5AC8F-5D45-4618-8B10-207D04A7D4B6}.Release|Any CPU.ActiveCfg = Release|Any CPU
		{84B5AC8F-5D45-4618-8B10-207D04A7D4B6}.Release|Any CPU.Build.0 = Release|Any CPU
		{143593FB-033D-490D-A4E3-E67D15129136}.Debug|Any CPU.ActiveCfg = Debug|Any CPU
		{143593FB-033D-490D-A4E3-E67D15129136}.Debug|Any CPU.Build.0 = Debug|Any CPU
		{143593FB-033D-490D-A4E3-E67D15129136}.Release|Any CPU.ActiveCfg = Release|Any CPU
		{143593FB-033D-490D-A4E3-E67D15129136}.Release|Any CPU.Build.0 = Release|Any CPU
		{7E762976-142B-4923-8F28-A78065BCC905}.Debug|Any CPU.ActiveCfg = Debug|Any CPU
		{7E762976-142B-4923-8F28-A78065BCC905}.Debug|Any CPU.Build.0 = Debug|Any CPU
		{7E762976-142B-4923-8F28-A78065BCC905}.Release|Any CPU.ActiveCfg = Release|Any CPU
		{7E762976-142B-4923-8F28-A78065BCC905}.Release|Any CPU.Build.0 = Release|Any CPU
		{DE3AFEC1-1AE9-4D5D-98AE-1641A168D7DF}.Debug|Any CPU.ActiveCfg = Debug|Any CPU
		{DE3AFEC1-1AE9-4D5D-98AE-1641A168D7DF}.Debug|Any CPU.Build.0 = Debug|Any CPU
		{DE3AFEC1-1AE9-4D5D-98AE-1641A168D7DF}.Release|Any CPU.ActiveCfg = Release|Any CPU
		{DE3AFEC1-1AE9-4D5D-98AE-1641A168D7DF}.Release|Any CPU.Build.0 = Release|Any CPU
	EndGlobalSection
	GlobalSection(SolutionProperties) = preSolution
		HideSolutionNode = FALSE
	EndGlobalSection
	GlobalSection(ExtensibilityGlobals) = postSolution
		SolutionGuid = {05E9AE91-B0A9-4A0C-B1EC-1E53C7B3BB52}
	EndGlobalSection
EndGlobal
